// !$*UTF8*$!
{
	archiveVersion = 1;
	classes = {
	};
	objectVersion = 50;
	objects = {

/* Begin PBXBuildFile section */
		04289CB12621AF1C00D86D4E /* studentTableViewCell.swift in Sources */ = {isa = PBXBuildFile; fileRef = 04289CAF2621AF1C00D86D4E /* studentTableViewCell.swift */; };
		04289CB22621AF1C00D86D4E /* studentTableViewCell.xib in Resources */ = {isa = PBXBuildFile; fileRef = 04289CB02621AF1C00D86D4E /* studentTableViewCell.xib */; };
		04AEC6BE262177A7001CD4BE /* AppDelegate.swift in Sources */ = {isa = PBXBuildFile; fileRef = 04AEC6BD262177A7001CD4BE /* AppDelegate.swift */; };
		04AEC6C0262177A7001CD4BE /* SceneDelegate.swift in Sources */ = {isa = PBXBuildFile; fileRef = 04AEC6BF262177A7001CD4BE /* SceneDelegate.swift */; };
		04AEC6C2262177A7001CD4BE /* ViewController.swift in Sources */ = {isa = PBXBuildFile; fileRef = 04AEC6C1262177A7001CD4BE /* ViewController.swift */; };
		04AEC6C5262177A7001CD4BE /* Main.storyboard in Resources */ = {isa = PBXBuildFile; fileRef = 04AEC6C3262177A7001CD4BE /* Main.storyboard */; };
		04AEC6C8262177A7001CD4BE /* coreDataDemo.xcdatamodeld in Sources */ = {isa = PBXBuildFile; fileRef = 04AEC6C6262177A7001CD4BE /* coreDataDemo.xcdatamodeld */; };
		04AEC6CA262177A9001CD4BE /* Assets.xcassets in Resources */ = {isa = PBXBuildFile; fileRef = 04AEC6C9262177A9001CD4BE /* Assets.xcassets */; };
		04AEC6CD262177A9001CD4BE /* LaunchScreen.storyboard in Resources */ = {isa = PBXBuildFile; fileRef = 04AEC6CB262177A9001CD4BE /* LaunchScreen.storyboard */; };
		04AEC6D7262177C2001CD4BE /* dataBaseHelper.swift in Sources */ = {isa = PBXBuildFile; fileRef = 04AEC6D6262177C2001CD4BE /* dataBaseHelper.swift */; };
		04AEC6DC262177D2001CD4BE /* collegeViewController.swift in Sources */ = {isa = PBXBuildFile; fileRef = 04AEC6DA262177D2001CD4BE /* collegeViewController.swift */; };
		04AEC6DD262177D2001CD4BE /* collegeFormViewController.swift in Sources */ = {isa = PBXBuildFile; fileRef = 04AEC6DB262177D2001CD4BE /* collegeFormViewController.swift */; };
		04AEC6E2262177E5001CD4BE /* clgTableViewCell.xib in Resources */ = {isa = PBXBuildFile; fileRef = 04AEC6E0262177E5001CD4BE /* clgTableViewCell.xib */; };
		04AEC6E3262177E5001CD4BE /* clgTableViewCell.swift in Sources */ = {isa = PBXBuildFile; fileRef = 04AEC6E1262177E5001CD4BE /* clgTableViewCell.swift */; };
		04AEC6E92621803F001CD4BE /* collegeDetailViewController.swift in Sources */ = {isa = PBXBuildFile; fileRef = 04AEC6E82621803F001CD4BE /* collegeDetailViewController.swift */; };
		04AEC6EE2621A3AB001CD4BE /* studentListViewController.swift in Sources */ = {isa = PBXBuildFile; fileRef = 04AEC6ED2621A3AB001CD4BE /* studentListViewController.swift */; };
		04AEC6F22621A3EC001CD4BE /* studentFormViewController.swift in Sources */ = {isa = PBXBuildFile; fileRef = 04AEC6F12621A3EC001CD4BE /* studentFormViewController.swift */; };
/* End PBXBuildFile section */

/* Begin PBXFileReference section */
		04289CAF2621AF1C00D86D4E /* studentTableViewCell.swift */ = {isa = PBXFileReference; lastKnownFileType = sourcecode.swift; path = studentTableViewCell.swift; sourceTree = "<group>"; };
		04289CB02621AF1C00D86D4E /* studentTableViewCell.xib */ = {isa = PBXFileReference; lastKnownFileType = file.xib; path = studentTableViewCell.xib; sourceTree = "<group>"; };
		04AEC6BA262177A7001CD4BE /* coreDataDemo.app */ = {isa = PBXFileReference; explicitFileType = wrapper.application; includeInIndex = 0; path = coreDataDemo.app; sourceTree = BUILT_PRODUCTS_DIR; };
		04AEC6BD262177A7001CD4BE /* AppDelegate.swift */ = {isa = PBXFileReference; lastKnownFileType = sourcecode.swift; path = AppDelegate.swift; sourceTree = "<group>"; };
		04AEC6BF262177A7001CD4BE /* SceneDelegate.swift */ = {isa = PBXFileReference; lastKnownFileType = sourcecode.swift; path = SceneDelegate.swift; sourceTree = "<group>"; };
		04AEC6C1262177A7001CD4BE /* ViewController.swift */ = {isa = PBXFileReference; lastKnownFileType = sourcecode.swift; path = ViewController.swift; sourceTree = "<group>"; };
		04AEC6C4262177A7001CD4BE /* Base */ = {isa = PBXFileReference; lastKnownFileType = file.storyboard; name = Base; path = Base.lproj/Main.storyboard; sourceTree = "<group>"; };
		04AEC6C7262177A7001CD4BE /* coreDataDemo.xcdatamodel */ = {isa = PBXFileReference; lastKnownFileType = wrapper.xcdatamodel; path = coreDataDemo.xcdatamodel; sourceTree = "<group>"; };
		04AEC6C9262177A9001CD4BE /* Assets.xcassets */ = {isa = PBXFileReference; lastKnownFileType = folder.assetcatalog; path = Assets.xcassets; sourceTree = "<group>"; };
		04AEC6CC262177A9001CD4BE /* Base */ = {isa = PBXFileReference; lastKnownFileType = file.storyboard; name = Base; path = Base.lproj/LaunchScreen.storyboard; sourceTree = "<group>"; };
		04AEC6CE262177A9001CD4BE /* Info.plist */ = {isa = PBXFileReference; lastKnownFileType = text.plist.xml; path = Info.plist; sourceTree = "<group>"; };
		04AEC6D6262177C2001CD4BE /* dataBaseHelper.swift */ = {isa = PBXFileReference; fileEncoding = 4; lastKnownFileType = sourcecode.swift; path = dataBaseHelper.swift; sourceTree = "<group>"; };
		04AEC6DA262177D2001CD4BE /* collegeViewController.swift */ = {isa = PBXFileReference; fileEncoding = 4; lastKnownFileType = sourcecode.swift; path = collegeViewController.swift; sourceTree = "<group>"; };
		04AEC6DB262177D2001CD4BE /* collegeFormViewController.swift */ = {isa = PBXFileReference; fileEncoding = 4; lastKnownFileType = sourcecode.swift; path = collegeFormViewController.swift; sourceTree = "<group>"; };
		04AEC6E0262177E5001CD4BE /* clgTableViewCell.xib */ = {isa = PBXFileReference; fileEncoding = 4; lastKnownFileType = file.xib; path = clgTableViewCell.xib; sourceTree = "<group>"; };
		04AEC6E1262177E5001CD4BE /* clgTableViewCell.swift */ = {isa = PBXFileReference; fileEncoding = 4; lastKnownFileType = sourcecode.swift; path = clgTableViewCell.swift; sourceTree = "<group>"; };
		04AEC6E82621803F001CD4BE /* collegeDetailViewController.swift */ = {isa = PBXFileReference; lastKnownFileType = sourcecode.swift; path = collegeDetailViewController.swift; sourceTree = "<group>"; };
		04AEC6ED2621A3AB001CD4BE /* studentListViewController.swift */ = {isa = PBXFileReference; lastKnownFileType = sourcecode.swift; path = studentListViewController.swift; sourceTree = "<group>"; };
		04AEC6F12621A3EC001CD4BE /* studentFormViewController.swift */ = {isa = PBXFileReference; lastKnownFileType = sourcecode.swift; path = studentFormViewController.swift; sourceTree = "<group>"; };
/* End PBXFileReference section */

/* Begin PBXFrameworksBuildPhase section */
		04AEC6B7262177A7001CD4BE /* Frameworks */ = {
			isa = PBXFrameworksBuildPhase;
			buildActionMask = 2147483647;
			files = (
			);
			runOnlyForDeploymentPostprocessing = 0;
		};
/* End PBXFrameworksBuildPhase section */

/* Begin PBXGroup section */
		04289CAE2621AEFF00D86D4E /* studentListTableCell */ = {
			isa = PBXGroup;
			children = (
				04289CAF2621AF1C00D86D4E /* studentTableViewCell.swift */,
				04289CB02621AF1C00D86D4E /* studentTableViewCell.xib */,
			);
			path = studentListTableCell;
			sourceTree = "<group>";
		};
		04AEC6B1262177A7001CD4BE = {
			isa = PBXGroup;
			children = (
				04AEC6BC262177A7001CD4BE /* coreDataDemo */,
				04AEC6BB262177A7001CD4BE /* Products */,
			);
			sourceTree = "<group>";
		};
		04AEC6BB262177A7001CD4BE /* Products */ = {
			isa = PBXGroup;
			children = (
				04AEC6BA262177A7001CD4BE /* coreDataDemo.app */,
			);
			name = Products;
			sourceTree = "<group>";
		};
		04AEC6BC262177A7001CD4BE /* coreDataDemo */ = {
			isa = PBXGroup;
			children = (
				04AEC6D5262177B9001CD4BE /* DatabaseHelper */,
				04AEC6D9262177C5001CD4BE /* Controller */,
				04AEC6BD262177A7001CD4BE /* AppDelegate.swift */,
				04AEC6BF262177A7001CD4BE /* SceneDelegate.swift */,
				04AEC6C1262177A7001CD4BE /* ViewController.swift */,
				04AEC6C3262177A7001CD4BE /* Main.storyboard */,
				04AEC6C9262177A9001CD4BE /* Assets.xcassets */,
				04AEC6CB262177A9001CD4BE /* LaunchScreen.storyboard */,
				04AEC6CE262177A9001CD4BE /* Info.plist */,
				04AEC6C6262177A7001CD4BE /* coreDataDemo.xcdatamodeld */,
			);
			path = coreDataDemo;
			sourceTree = "<group>";
		};
		04AEC6D5262177B9001CD4BE /* DatabaseHelper */ = {
			isa = PBXGroup;
			children = (
				04AEC6D6262177C2001CD4BE /* dataBaseHelper.swift */,
			);
			path = DatabaseHelper;
			sourceTree = "<group>";
		};
		04AEC6D9262177C5001CD4BE /* Controller */ = {
			isa = PBXGroup;
			children = (
				04AEC6EC2621A399001CD4BE /* Student */,
				04AEC6EB2621A391001CD4BE /* College */,
			);
			path = Controller;
			sourceTree = "<group>";
		};
		04AEC6DF262177D7001CD4BE /* collegeListTableCell */ = {
			isa = PBXGroup;
			children = (
				04AEC6E1262177E5001CD4BE /* clgTableViewCell.swift */,
				04AEC6E0262177E5001CD4BE /* clgTableViewCell.xib */,
			);
			path = collegeListTableCell;
			sourceTree = "<group>";
		};
		04AEC6EB2621A391001CD4BE /* College */ = {
			isa = PBXGroup;
			children = (
				04AEC6DF262177D7001CD4BE /* collegeListTableCell */,
				04AEC6DB262177D2001CD4BE /* collegeFormViewController.swift */,
				04AEC6DA262177D2001CD4BE /* collegeViewController.swift */,
				04AEC6E82621803F001CD4BE /* collegeDetailViewController.swift */,
			);
			path = College;
			sourceTree = "<group>";
		};
		04AEC6EC2621A399001CD4BE /* Student */ = {
			isa = PBXGroup;
			children = (
				04289CAE2621AEFF00D86D4E /* studentListTableCell */,
				04AEC6ED2621A3AB001CD4BE /* studentListViewController.swift */,
				04AEC6F12621A3EC001CD4BE /* studentFormViewController.swift */,
			);
			path = Student;
			sourceTree = "<group>";
		};
/* End PBXGroup section */

/* Begin PBXNativeTarget section */
		04AEC6B9262177A7001CD4BE /* coreDataDemo */ = {
			isa = PBXNativeTarget;
			buildConfigurationList = 04AEC6D1262177A9001CD4BE /* Build configuration list for PBXNativeTarget "coreDataDemo" */;
			buildPhases = (
				04AEC6B6262177A7001CD4BE /* Sources */,
				04AEC6B7262177A7001CD4BE /* Frameworks */,
				04AEC6B8262177A7001CD4BE /* Resources */,
			);
			buildRules = (
			);
			dependencies = (
			);
			name = coreDataDemo;
			productName = coreDataDemo;
			productReference = 04AEC6BA262177A7001CD4BE /* coreDataDemo.app */;
			productType = "com.apple.product-type.application";
		};
/* End PBXNativeTarget section */

/* Begin PBXProject section */
		04AEC6B2262177A7001CD4BE /* Project object */ = {
			isa = PBXProject;
			attributes = {
				LastSwiftUpdateCheck = 1240;
				LastUpgradeCheck = 1240;
				TargetAttributes = {
					04AEC6B9262177A7001CD4BE = {
						CreatedOnToolsVersion = 12.4;
					};
				};
			};
			buildConfigurationList = 04AEC6B5262177A7001CD4BE /* Build configuration list for PBXProject "coreDataDemo" */;
			compatibilityVersion = "Xcode 9.3";
			developmentRegion = en;
			hasScannedForEncodings = 0;
			knownRegions = (
				en,
				Base,
			);
			mainGroup = 04AEC6B1262177A7001CD4BE;
			productRefGroup = 04AEC6BB262177A7001CD4BE /* Products */;
			projectDirPath = "";
			projectRoot = "";
			targets = (
				04AEC6B9262177A7001CD4BE /* coreDataDemo */,
			);
		};
/* End PBXProject section */

/* Begin PBXResourcesBuildPhase section */
		04AEC6B8262177A7001CD4BE /* Resources */ = {
			isa = PBXResourcesBuildPhase;
			buildActionMask = 2147483647;
			files = (
				04AEC6CD262177A9001CD4BE /* LaunchScreen.storyboard in Resources */,
				04AEC6CA262177A9001CD4BE /* Assets.xcassets in Resources */,
				04289CB22621AF1C00D86D4E /* studentTableViewCell.xib in Resources */,
				04AEC6E2262177E5001CD4BE /* clgTableViewCell.xib in Resources */,
				04AEC6C5262177A7001CD4BE /* Main.storyboard in Resources */,
			);
			runOnlyForDeploymentPostprocessing = 0;
		};
/* End PBXResourcesBuildPhase section */

/* Begin PBXSourcesBuildPhase section */
		04AEC6B6262177A7001CD4BE /* Sources */ = {
			isa = PBXSourcesBuildPhase;
			buildActionMask = 2147483647;
			files = (
				04AEC6C2262177A7001CD4BE /* ViewController.swift in Sources */,
				04AEC6C8262177A7001CD4BE /* coreDataDemo.xcdatamodeld in Sources */,
				04AEC6E3262177E5001CD4BE /* clgTableViewCell.swift in Sources */,
				04289CB12621AF1C00D86D4E /* studentTableViewCell.swift in Sources */,
				04AEC6DD262177D2001CD4BE /* collegeFormViewController.swift in Sources */,
				04AEC6BE262177A7001CD4BE /* AppDelegate.swift in Sources */,
				04AEC6E92621803F001CD4BE /* collegeDetailViewController.swift in Sources */,
				04AEC6C0262177A7001CD4BE /* SceneDelegate.swift in Sources */,
				04AEC6DC262177D2001CD4BE /* collegeViewController.swift in Sources */,
				04AEC6EE2621A3AB001CD4BE /* studentListViewController.swift in Sources */,
				04AEC6D7262177C2001CD4BE /* dataBaseHelper.swift in Sources */,
				04AEC6F22621A3EC001CD4BE /* studentFormViewController.swift in Sources */,
			);
			runOnlyForDeploymentPostprocessing = 0;
		};
/* End PBXSourcesBuildPhase section */

/* Begin PBXVariantGroup section */
		04AEC6C3262177A7001CD4BE /* Main.storyboard */ = {
			isa = PBXVariantGroup;
			children = (
				04AEC6C4262177A7001CD4BE /* Base */,
			);
			name = Main.storyboard;
			sourceTree = "<group>";
		};
		04AEC6CB262177A9001CD4BE /* LaunchScreen.storyboard */ = {
			isa = PBXVariantGroup;
			children = (
				04AEC6CC262177A9001CD4BE /* Base */,
			);
			name = LaunchScreen.storyboard;
			sourceTree = "<group>";
		};
/* End PBXVariantGroup section */

/* Begin XCBuildConfiguration section */
		04AEC6CF262177A9001CD4BE /* Debug */ = {
			isa = XCBuildConfiguration;
			buildSettings = {
				ALWAYS_SEARCH_USER_PATHS = NO;
				CLANG_ANALYZER_NONNULL = YES;
				CLANG_ANALYZER_NUMBER_OBJECT_CONVERSION = YES_AGGRESSIVE;
				CLANG_CXX_LANGUAGE_STANDARD = "gnu++14";
				CLANG_CXX_LIBRARY = "libc++";
				CLANG_ENABLE_MODULES = YES;
				CLANG_ENABLE_OBJC_ARC = YES;
				CLANG_ENABLE_OBJC_WEAK = YES;
				CLANG_WARN_BLOCK_CAPTURE_AUTORELEASING = YES;
				CLANG_WARN_BOOL_CONVERSION = YES;
				CLANG_WARN_COMMA = YES;
				CLANG_WARN_CONSTANT_CONVERSION = YES;
				CLANG_WARN_DEPRECATED_OBJC_IMPLEMENTATIONS = YES;
				CLANG_WARN_DIRECT_OBJC_ISA_USAGE = YES_ERROR;
				CLANG_WARN_DOCUMENTATION_COMMENTS = YES;
				CLANG_WARN_EMPTY_BODY = YES;
				CLANG_WARN_ENUM_CONVERSION = YES;
				CLANG_WARN_INFINITE_RECURSION = YES;
				CLANG_WARN_INT_CONVERSION = YES;
				CLANG_WARN_NON_LITERAL_NULL_CONVERSION = YES;
				CLANG_WARN_OBJC_IMPLICIT_RETAIN_SELF = YES;
				CLANG_WARN_OBJC_LITERAL_CONVERSION = YES;
				CLANG_WARN_OBJC_ROOT_CLASS = YES_ERROR;
				CLANG_WARN_QUOTED_INCLUDE_IN_FRAMEWORK_HEADER = YES;
				CLANG_WARN_RANGE_LOOP_ANALYSIS = YES;
				CLANG_WARN_STRICT_PROTOTYPES = YES;
				CLANG_WARN_SUSPICIOUS_MOVE = YES;
				CLANG_WARN_UNGUARDED_AVAILABILITY = YES_AGGRESSIVE;
				CLANG_WARN_UNREACHABLE_CODE = YES;
				CLANG_WARN__DUPLICATE_METHOD_MATCH = YES;
				COPY_PHASE_STRIP = NO;
				DEBUG_INFORMATION_FORMAT = dwarf;
				ENABLE_STRICT_OBJC_MSGSEND = YES;
				ENABLE_TESTABILITY = YES;
				GCC_C_LANGUAGE_STANDARD = gnu11;
				GCC_DYNAMIC_NO_PIC = NO;
				GCC_NO_COMMON_BLOCKS = YES;
				GCC_OPTIMIZATION_LEVEL = 0;
				GCC_PREPROCESSOR_DEFINITIONS = (
					"DEBUG=1",
					"$(inherited)",
				);
				GCC_WARN_64_TO_32_BIT_CONVERSION = YES;
				GCC_WARN_ABOUT_RETURN_TYPE = YES_ERROR;
				GCC_WARN_UNDECLARED_SELECTOR = YES;
				GCC_WARN_UNINITIALIZED_AUTOS = YES_AGGRESSIVE;
				GCC_WARN_UNUSED_FUNCTION = YES;
				GCC_WARN_UNUSED_VARIABLE = YES;
				IPHONEOS_DEPLOYMENT_TARGET = 14.4;
				MTL_ENABLE_DEBUG_INFO = INCLUDE_SOURCE;
				MTL_FAST_MATH = YES;
				ONLY_ACTIVE_ARCH = YES;
				SDKROOT = iphoneos;
				SWIFT_ACTIVE_COMPILATION_CONDITIONS = DEBUG;
				SWIFT_OPTIMIZATION_LEVEL = "-Onone";
			};
			name = Debug;
		};
		04AEC6D0262177A9001CD4BE /* Release */ = {
			isa = XCBuildConfiguration;
			buildSettings = {
				ALWAYS_SEARCH_USER_PATHS = NO;
				CLANG_ANALYZER_NONNULL = YES;
				CLANG_ANALYZER_NUMBER_OBJECT_CONVERSION = YES_AGGRESSIVE;
				CLANG_CXX_LANGUAGE_STANDARD = "gnu++14";
				CLANG_CXX_LIBRARY = "libc++";
				CLANG_ENABLE_MODULES = YES;
				CLANG_ENABLE_OBJC_ARC = YES;
				CLANG_ENABLE_OBJC_WEAK = YES;
				CLANG_WARN_BLOCK_CAPTURE_AUTORELEASING = YES;
				CLANG_WARN_BOOL_CONVERSION = YES;
				CLANG_WARN_COMMA = YES;
				CLANG_WARN_CONSTANT_CONVERSION = YES;
				CLANG_WARN_DEPRECATED_OBJC_IMPLEMENTATIONS = YES;
				CLANG_WARN_DIRECT_OBJC_ISA_USAGE = YES_ERROR;
				CLANG_WARN_DOCUMENTATION_COMMENTS = YES;
				CLANG_WARN_EMPTY_BODY = YES;
				CLANG_WARN_ENUM_CONVERSION = YES;
				CLANG_WARN_INFINITE_RECURSION = YES;
				CLANG_WARN_INT_CONVERSION = YES;
				CLANG_WARN_NON_LITERAL_NULL_CONVERSION = YES;
				CLANG_WARN_OBJC_IMPLICIT_RETAIN_SELF = YES;
				CLANG_WARN_OBJC_LITERAL_CONVERSION = YES;
				CLANG_WARN_OBJC_ROOT_CLASS = YES_ERROR;
				CLANG_WARN_QUOTED_INCLUDE_IN_FRAMEWORK_HEADER = YES;
				CLANG_WARN_RANGE_LOOP_ANALYSIS = YES;
				CLANG_WARN_STRICT_PROTOTYPES = YES;
				CLANG_WARN_SUSPICIOUS_MOVE = YES;
				CLANG_WARN_UNGUARDED_AVAILABILITY = YES_AGGRESSIVE;
				CLANG_WARN_UNREACHABLE_CODE = YES;
				CLANG_WARN__DUPLICATE_METHOD_MATCH = YES;
				COPY_PHASE_STRIP = NO;
				DEBUG_INFORMATION_FORMAT = "dwarf-with-dsym";
				ENABLE_NS_ASSERTIONS = NO;
				ENABLE_STRICT_OBJC_MSGSEND = YES;
				GCC_C_LANGUAGE_STANDARD = gnu11;
				GCC_NO_COMMON_BLOCKS = YES;
				GCC_WARN_64_TO_32_BIT_CONVERSION = YES;
				GCC_WARN_ABOUT_RETURN_TYPE = YES_ERROR;
				GCC_WARN_UNDECLARED_SELECTOR = YES;
				GCC_WARN_UNINITIALIZED_AUTOS = YES_AGGRESSIVE;
				GCC_WARN_UNUSED_FUNCTION = YES;
				GCC_WARN_UNUSED_VARIABLE = YES;
				IPHONEOS_DEPLOYMENT_TARGET = 14.4;
				MTL_ENABLE_DEBUG_INFO = NO;
				MTL_FAST_MATH = YES;
				SDKROOT = iphoneos;
				SWIFT_COMPILATION_MODE = wholemodule;
				SWIFT_OPTIMIZATION_LEVEL = "-O";
				VALIDATE_PRODUCT = YES;
			};
			name = Release;
		};
		04AEC6D2262177A9001CD4BE /* Debug */ = {
			isa = XCBuildConfiguration;
			buildSettings = {
				ASSETCATALOG_COMPILER_APPICON_NAME = AppIcon;
				ASSETCATALOG_COMPILER_GLOBAL_ACCENT_COLOR_NAME = AccentColor;
				CODE_SIGN_STYLE = Automatic;
				INFOPLIST_FILE = coreDataDemo/Info.plist;
				LD_RUNPATH_SEARCH_PATHS = (
					"$(inherited)",
					"@executable_path/Frameworks",
				);
				PRODUCT_BUNDLE_IDENTIFIER = com.coreDataDemo;
				PRODUCT_NAME = "$(TARGET_NAME)";
				SWIFT_VERSION = 5.0;
				TARGETED_DEVICE_FAMILY = "1,2";
			};
			name = Debug;
		};
		04AEC6D3262177A9001CD4BE /* Release */ = {
			isa = XCBuildConfiguration;
			buildSettings = {
				ASSETCATALOG_COMPILER_APPICON_NAME = AppIcon;
				ASSETCATALOG_COMPILER_GLOBAL_ACCENT_COLOR_NAME = AccentColor;
				CODE_SIGN_STYLE = Automatic;
				INFOPLIST_FILE = coreDataDemo/Info.plist;
				LD_RUNPATH_SEARCH_PATHS = (
					"$(inherited)",
					"@executable_path/Frameworks",
				);
				PRODUCT_BUNDLE_IDENTIFIER = com.coreDataDemo;
				PRODUCT_NAME = "$(TARGET_NAME)";
				SWIFT_VERSION = 5.0;
				TARGETED_DEVICE_FAMILY = "1,2";
			};
			name = Release;
		};
/* End XCBuildConfiguration section */

/* Begin XCConfigurationList section */
		04AEC6B5262177A7001CD4BE /* Build configuration list for PBXProject "coreDataDemo" */ = {
			isa = XCConfigurationList;
			buildConfigurations = (
				04AEC6CF262177A9001CD4BE /* Debug */,
				04AEC6D0262177A9001CD4BE /* Release */,
			);
			defaultConfigurationIsVisible = 0;
			defaultConfigurationName = Release;
		};
		04AEC6D1262177A9001CD4BE /* Build configuration list for PBXNativeTarget "coreDataDemo" */ = {
			isa = XCConfigurationList;
			buildConfigurations = (
				04AEC6D2262177A9001CD4BE /* Debug */,
				04AEC6D3262177A9001CD4BE /* Release */,
			);
			defaultConfigurationIsVisible = 0;
			defaultConfigurationName = Release;
		};
/* End XCConfigurationList section */

/* Begin XCVersionGroup section */
		04AEC6C6262177A7001CD4BE /* coreDataDemo.xcdatamodeld */ = {
			isa = XCVersionGroup;
			children = (
				04AEC6C7262177A7001CD4BE /* coreDataDemo.xcdatamodel */,
			);
			currentVersion = 04AEC6C7262177A7001CD4BE /* coreDataDemo.xcdatamodel */;
			path = coreDataDemo.xcdatamodeld;
			sourceTree = "<group>";
			versionGroupType = wrapper.xcdatamodel;
		};
/* End XCVersionGroup section */
	};
	rootObject = 04AEC6B2262177A7001CD4BE /* Project object */;
}
